
Microsoft Visual Studio Solution File, Format Version 12.00
# Visual Studio 15
VisualStudioVersion = 15.0.28307.645
MinimumVisualStudioVersion = 10.0.40219.1
Project("{FAE04EC0-301F-11D3-BF4B-00C04F79EFBC}") = "PowerSamples4WindowsFormApp", "PowerSamples4WindowsFormApp\PowerSamples4WindowsFormApp.csproj", "{E89B03D6-5BCE-411B-9F9F-F48847FC3E65}"
EndProject
Global
	GlobalSection(SolutionConfigurationPlatforms) = preSolution
		Debug|Any CPU = Debug|Any CPU
		Release|Any CPU = Release|Any CPU
	EndGlobalSection
	GlobalSection(ProjectConfigurationPlatforms) = postSolution
		{E89B03D6-5BCE-411B-9F9F-F48847FC3E65}.Debug|Any CPU.ActiveCfg = Debug|Any CPU
		{E89B03D6-5BCE-411B-9F9F-F48847FC3E65}.Debug|Any CPU.Build.0 = Debug|Any CPU
		{E89B03D6-5BCE-411B-9F9F-F48847FC3E65}.Release|Any CPU.ActiveCfg = Release|Any CPU
		{E89B03D6-5BCE-411B-9F9F-F48847FC3E65}.Release|Any CPU.Build.0 = Release|Any CPU
	EndGlobalSection
	GlobalSection(SolutionProperties) = preSolution
		HideSolutionNode = FALSE
	EndGlobalSection
	GlobalSection(ExtensibilityGlobals) = postSolution
		SolutionGuid = {DBD74200-B3BD-45BD-8165-18BB082B082D}
	EndGlobalSection
EndGlobal
